
Microsoft Visual Studio Solution File, Format Version 12.00
Project("{FAE04EC0-301F-11D3-BF4B-00C04F79EFBC}") = "ByteBrusher.CLI", "ByteBrusher.CLI\ByteBrusher.CLI.csproj", "{A8FD1D4E-0230-43DB-ACAA-A590EE5A5E47}"
EndProject
Global
	GlobalSection(SolutionConfigurationPlatforms) = preSolution
		Debug|Any CPU = Debug|Any CPU
		Release|Any CPU = Release|Any CPU
	EndGlobalSection
	GlobalSection(ProjectConfigurationPlatforms) = postSolution
		{A8FD1D4E-0230-43DB-ACAA-A590EE5A5E47}.Debug|Any CPU.ActiveCfg = Debug|Any CPU
		{A8FD1D4E-0230-43DB-ACAA-A590EE5A5E47}.Debug|Any CPU.Build.0 = Debug|Any CPU
		{A8FD1D4E-0230-43DB-ACAA-A590EE5A5E47}.Release|Any CPU.ActiveCfg = Release|Any CPU
		{A8FD1D4E-0230-43DB-ACAA-A590EE5A5E47}.Release|Any CPU.Build.0 = Release|Any CPU
	EndGlobalSection
EndGlobal
